
Microsoft Visual Studio Solution File, Format Version 12.00
# Visual Studio Version 17
VisualStudioVersion = 17.4.33205.214
MinimumVisualStudioVersion = 10.0.40219.1
Project("{FAE04EC0-301F-11D3-BF4B-00C04F79EFBC}") = "WebApplication2", "WebApplication2.csproj", "{213E4B7B-F164-44D3-A976-965372EA9ED3}"
EndProject
Global
	GlobalSection(SolutionConfigurationPlatforms) = preSolution
		Debug|Any CPU = Debug|Any CPU
		Release|Any CPU = Release|Any CPU
	EndGlobalSection
	GlobalSection(ProjectConfigurationPlatforms) = postSolution
		{213E4B7B-F164-44D3-A976-965372EA9ED3}.Debug|Any CPU.ActiveCfg = Debug|Any CPU
		{213E4B7B-F164-44D3-A976-965372EA9ED3}.Debug|Any CPU.Build.0 = Debug|Any CPU
		{213E4B7B-F164-44D3-A976-965372EA9ED3}.Release|Any CPU.ActiveCfg = Release|Any CPU
		{213E4B7B-F164-44D3-A976-965372EA9ED3}.Release|Any CPU.Build.0 = Release|Any CPU
	EndGlobalSection
	GlobalSection(SolutionProperties) = preSolution
		HideSolutionNode = FALSE
	EndGlobalSection
	GlobalSection(ExtensibilityGlobals) = postSolution
		SolutionGuid = {44871E84-3075-4326-A74C-5C3FFB310E50}
	EndGlobalSection
EndGlobal
